
Microsoft Visual Studio Solution File, Format Version 12.00
# Visual Studio 15
VisualStudioVersion = 15.0.27703.2000
MinimumVisualStudioVersion = 10.0.40219.1
Project("{FAE04EC0-301F-11D3-BF4B-00C04F79EFBC}") = "CareerCloud.Pocos", "CareerCloud.Pocos\CareerCloud.Pocos.csproj", "{E67B916A-313C-4394-8DF6-88478875A5C5}"
EndProject
Global
	GlobalSection(SolutionConfigurationPlatforms) = preSolution
		Debug|Any CPU = Debug|Any CPU
		Release|Any CPU = Release|Any CPU
	EndGlobalSection
	GlobalSection(ProjectConfigurationPlatforms) = postSolution
		{E67B916A-313C-4394-8DF6-88478875A5C5}.Debug|Any CPU.ActiveCfg = Debug|Any CPU
		{E67B916A-313C-4394-8DF6-88478875A5C5}.Debug|Any CPU.Build.0 = Debug|Any CPU
		{E67B916A-313C-4394-8DF6-88478875A5C5}.Release|Any CPU.ActiveCfg = Release|Any CPU
		{E67B916A-313C-4394-8DF6-88478875A5C5}.Release|Any CPU.Build.0 = Release|Any CPU
	EndGlobalSection
	GlobalSection(SolutionProperties) = preSolution
		HideSolutionNode = FALSE
	EndGlobalSection
	GlobalSection(ExtensibilityGlobals) = postSolution
		SolutionGuid = {C1C15CE5-CFFE-48D7-9514-4809939DC40F}
	EndGlobalSection
EndGlobal
