
Microsoft Visual Studio Solution File, Format Version 12.00
# Visual Studio 15
VisualStudioVersion = 15.0.27703.2000
MinimumVisualStudioVersion = 10.0.40219.1
Project("{FAE04EC0-301F-11D3-BF4B-00C04F79EFBC}") = "CareerCloud.Pocos", "CareerCloud.Pocos\CareerCloud.Pocos.csproj", "{E67B916A-313C-4394-8DF6-88478875A5C5}"
EndProject
Project("{FAE04EC0-301F-11D3-BF4B-00C04F79EFBC}") = "CareerCloud.DataAccessLayer", "CareerCloud.DataAccessLayer\CareerCloud.DataAccessLayer.csproj", "{7B6CC59D-6137-45F9-A3E2-06760C20ED59}"
EndProject
Project("{FAE04EC0-301F-11D3-BF4B-00C04F79EFBC}") = "CareerCloud.ADODataAccessLayer", "CareerCloud.ADODataAccessLayer\CareerCloud.ADODataAccessLayer.csproj", "{BC0DC9FB-D52C-47E4-B1BB-2355C1C65ED7}"
EndProject
Project("{FAE04EC0-301F-11D3-BF4B-00C04F79EFBC}") = "CareerCloud.BusinessLogicLayer", "CareerCloud.BusinessLogicLayer\CareerCloud.BusinessLogicLayer.csproj", "{74CFA940-2B74-4EBF-8069-178FA463B4D2}"
EndProject
Project("{FAE04EC0-301F-11D3-BF4B-00C04F79EFBC}") = "CareerCloud.EntityFrameworkDataAccess", "CareerCloud.EntityFrameworkDataAccess\CareerCloud.EntityFrameworkDataAccess.csproj", "{455EEEAA-FB97-481F-AF1D-AFEDDE207A2C}"
EndProject
Project("{FAE04EC0-301F-11D3-BF4B-00C04F79EFBC}") = "CareerCloud.WCF", "CareerCloud.WCF\CareerCloud.WCF.csproj", "{15FD4E51-61A5-4F87-A729-93E8956798E0}"
EndProject
Project("{FAE04EC0-301F-11D3-BF4B-00C04F79EFBC}") = "CareerCloud.WebAPI", "CareerCloud.WebAPI\CareerCloud.WebAPI.csproj", "{689EBF14-000D-41FF-9BB9-14F7993E14D6}"
EndProject
Project("{FAE04EC0-301F-11D3-BF4B-00C04F79EFBC}") = "CareerCloud.MVC", "CareerCloud.MVC\CareerCloud.MVC.csproj", "{66FDCB19-5F84-4DD1-8FE9-FABAA7E44836}"
EndProject
Global
	GlobalSection(SolutionConfigurationPlatforms) = preSolution
		Debug|Any CPU = Debug|Any CPU
		Release|Any CPU = Release|Any CPU
	EndGlobalSection
	GlobalSection(ProjectConfigurationPlatforms) = postSolution
		{E67B916A-313C-4394-8DF6-88478875A5C5}.Debug|Any CPU.ActiveCfg = Debug|Any CPU
		{E67B916A-313C-4394-8DF6-88478875A5C5}.Debug|Any CPU.Build.0 = Debug|Any CPU
		{E67B916A-313C-4394-8DF6-88478875A5C5}.Release|Any CPU.ActiveCfg = Release|Any CPU
		{E67B916A-313C-4394-8DF6-88478875A5C5}.Release|Any CPU.Build.0 = Release|Any CPU
		{7B6CC59D-6137-45F9-A3E2-06760C20ED59}.Debug|Any CPU.ActiveCfg = Debug|Any CPU
		{7B6CC59D-6137-45F9-A3E2-06760C20ED59}.Debug|Any CPU.Build.0 = Debug|Any CPU
		{7B6CC59D-6137-45F9-A3E2-06760C20ED59}.Release|Any CPU.ActiveCfg = Release|Any CPU
		{7B6CC59D-6137-45F9-A3E2-06760C20ED59}.Release|Any CPU.Build.0 = Release|Any CPU
		{BC0DC9FB-D52C-47E4-B1BB-2355C1C65ED7}.Debug|Any CPU.ActiveCfg = Debug|Any CPU
		{BC0DC9FB-D52C-47E4-B1BB-2355C1C65ED7}.Debug|Any CPU.Build.0 = Debug|Any CPU
		{BC0DC9FB-D52C-47E4-B1BB-2355C1C65ED7}.Release|Any CPU.ActiveCfg = Release|Any CPU
		{BC0DC9FB-D52C-47E4-B1BB-2355C1C65ED7}.Release|Any CPU.Build.0 = Release|Any CPU
		{74CFA940-2B74-4EBF-8069-178FA463B4D2}.Debug|Any CPU.ActiveCfg = Debug|Any CPU
		{74CFA940-2B74-4EBF-8069-178FA463B4D2}.Debug|Any CPU.Build.0 = Debug|Any CPU
		{74CFA940-2B74-4EBF-8069-178FA463B4D2}.Release|Any CPU.ActiveCfg = Release|Any CPU
		{74CFA940-2B74-4EBF-8069-178FA463B4D2}.Release|Any CPU.Build.0 = Release|Any CPU
		{455EEEAA-FB97-481F-AF1D-AFEDDE207A2C}.Debug|Any CPU.ActiveCfg = Debug|Any CPU
		{455EEEAA-FB97-481F-AF1D-AFEDDE207A2C}.Debug|Any CPU.Build.0 = Debug|Any CPU
		{455EEEAA-FB97-481F-AF1D-AFEDDE207A2C}.Release|Any CPU.ActiveCfg = Release|Any CPU
		{455EEEAA-FB97-481F-AF1D-AFEDDE207A2C}.Release|Any CPU.Build.0 = Release|Any CPU
		{15FD4E51-61A5-4F87-A729-93E8956798E0}.Debug|Any CPU.ActiveCfg = Debug|Any CPU
		{15FD4E51-61A5-4F87-A729-93E8956798E0}.Debug|Any CPU.Build.0 = Debug|Any CPU
		{15FD4E51-61A5-4F87-A729-93E8956798E0}.Release|Any CPU.ActiveCfg = Release|Any CPU
		{15FD4E51-61A5-4F87-A729-93E8956798E0}.Release|Any CPU.Build.0 = Release|Any CPU
		{689EBF14-000D-41FF-9BB9-14F7993E14D6}.Debug|Any CPU.ActiveCfg = Debug|Any CPU
		{689EBF14-000D-41FF-9BB9-14F7993E14D6}.Debug|Any CPU.Build.0 = Debug|Any CPU
		{689EBF14-000D-41FF-9BB9-14F7993E14D6}.Release|Any CPU.ActiveCfg = Release|Any CPU
		{689EBF14-000D-41FF-9BB9-14F7993E14D6}.Release|Any CPU.Build.0 = Release|Any CPU
		{66FDCB19-5F84-4DD1-8FE9-FABAA7E44836}.Debug|Any CPU.ActiveCfg = Debug|Any CPU
		{66FDCB19-5F84-4DD1-8FE9-FABAA7E44836}.Debug|Any CPU.Build.0 = Debug|Any CPU
		{66FDCB19-5F84-4DD1-8FE9-FABAA7E44836}.Release|Any CPU.ActiveCfg = Release|Any CPU
		{66FDCB19-5F84-4DD1-8FE9-FABAA7E44836}.Release|Any CPU.Build.0 = Release|Any CPU
	EndGlobalSection
	GlobalSection(SolutionProperties) = preSolution
		HideSolutionNode = FALSE
	EndGlobalSection
	GlobalSection(ExtensibilityGlobals) = postSolution
		SolutionGuid = {C1C15CE5-CFFE-48D7-9514-4809939DC40F}
	EndGlobalSection
EndGlobal
